// !$*UTF8*$!
{
	archiveVersion = 1;
	classes = {
	};
	objectVersion = 46;
	objects = {

/* Begin PBXBuildFile section */
		6B2049031A01D4BF002EEB1A /* TextStatsViewController.m in Sources */ = {isa = PBXBuildFile; fileRef = 6B2049021A01D4BF002EEB1A /* TextStatsViewController.m */; };
		6BF8D0C219FDE11B003F1D02 /* Foundation.framework in Frameworks */ = {isa = PBXBuildFile; fileRef = 6BF8D0C119FDE11B003F1D02 /* Foundation.framework */; };
		6BF8D0C419FDE11B003F1D02 /* CoreGraphics.framework in Frameworks */ = {isa = PBXBuildFile; fileRef = 6BF8D0C319FDE11B003F1D02 /* CoreGraphics.framework */; };
		6BF8D0C619FDE11B003F1D02 /* UIKit.framework in Frameworks */ = {isa = PBXBuildFile; fileRef = 6BF8D0C519FDE11B003F1D02 /* UIKit.framework */; };
		6BF8D0CC19FDE11B003F1D02 /* InfoPlist.strings in Resources */ = {isa = PBXBuildFile; fileRef = 6BF8D0CA19FDE11B003F1D02 /* InfoPlist.strings */; };
		6BF8D0CE19FDE11B003F1D02 /* main.m in Sources */ = {isa = PBXBuildFile; fileRef = 6BF8D0CD19FDE11B003F1D02 /* main.m */; };
		6BF8D0D219FDE11B003F1D02 /* AttributorPAppDelegate.m in Sources */ = {isa = PBXBuildFile; fileRef = 6BF8D0D119FDE11B003F1D02 /* AttributorPAppDelegate.m */; };
		6BF8D0D519FDE11B003F1D02 /* Main.storyboard in Resources */ = {isa = PBXBuildFile; fileRef = 6BF8D0D319FDE11B003F1D02 /* Main.storyboard */; };
		6BF8D0D819FDE11B003F1D02 /* AttributorPViewController.m in Sources */ = {isa = PBXBuildFile; fileRef = 6BF8D0D719FDE11B003F1D02 /* AttributorPViewController.m */; };
		6BF8D0DA19FDE11B003F1D02 /* Images.xcassets in Resources */ = {isa = PBXBuildFile; fileRef = 6BF8D0D919FDE11B003F1D02 /* Images.xcassets */; };
		6BF8D0E119FDE11B003F1D02 /* XCTest.framework in Frameworks */ = {isa = PBXBuildFile; fileRef = 6BF8D0E019FDE11B003F1D02 /* XCTest.framework */; };
		6BF8D0E219FDE11B003F1D02 /* Foundation.framework in Frameworks */ = {isa = PBXBuildFile; fileRef = 6BF8D0C119FDE11B003F1D02 /* Foundation.framework */; };
		6BF8D0E319FDE11B003F1D02 /* UIKit.framework in Frameworks */ = {isa = PBXBuildFile; fileRef = 6BF8D0C519FDE11B003F1D02 /* UIKit.framework */; };
		6BF8D0EB19FDE11B003F1D02 /* InfoPlist.strings in Resources */ = {isa = PBXBuildFile; fileRef = 6BF8D0E919FDE11B003F1D02 /* InfoPlist.strings */; };
		6BF8D0ED19FDE11B003F1D02 /* AttributorPTests.m in Sources */ = {isa = PBXBuildFile; fileRef = 6BF8D0EC19FDE11B003F1D02 /* AttributorPTests.m */; };
/* End PBXBuildFile section */

/* Begin PBXContainerItemProxy section */
		6BF8D0E419FDE11B003F1D02 /* PBXContainerItemProxy */ = {
			isa = PBXContainerItemProxy;
			containerPortal = 6BF8D0B619FDE11B003F1D02 /* Project object */;
			proxyType = 1;
			remoteGlobalIDString = 6BF8D0BD19FDE11B003F1D02;
			remoteInfo = AttributorP;
		};
/* End PBXContainerItemProxy section */

/* Begin PBXFileReference section */
		6B2049011A01D4BF002EEB1A /* TextStatsViewController.h */ = {isa = PBXFileReference; fileEncoding = 4; lastKnownFileType = sourcecode.c.h; path = TextStatsViewController.h; sourceTree = "<group>"; };
		6B2049021A01D4BF002EEB1A /* TextStatsViewController.m */ = {isa = PBXFileReference; fileEncoding = 4; lastKnownFileType = sourcecode.c.objc; path = TextStatsViewController.m; sourceTree = "<group>"; };
		6BF8D0BE19FDE11B003F1D02 /* AttributorP.app */ = {isa = PBXFileReference; explicitFileType = wrapper.application; includeInIndex = 0; path = AttributorP.app; sourceTree = BUILT_PRODUCTS_DIR; };
		6BF8D0C119FDE11B003F1D02 /* Foundation.framework */ = {isa = PBXFileReference; lastKnownFileType = wrapper.framework; name = Foundation.framework; path = System/Library/Frameworks/Foundation.framework; sourceTree = SDKROOT; };
		6BF8D0C319FDE11B003F1D02 /* CoreGraphics.framework */ = {isa = PBXFileReference; lastKnownFileType = wrapper.framework; name = CoreGraphics.framework; path = System/Library/Frameworks/CoreGraphics.framework; sourceTree = SDKROOT; };
		6BF8D0C519FDE11B003F1D02 /* UIKit.framework */ = {isa = PBXFileReference; lastKnownFileType = wrapper.framework; name = UIKit.framework; path = System/Library/Frameworks/UIKit.framework; sourceTree = SDKROOT; };
		6BF8D0C919FDE11B003F1D02 /* AttributorP-Info.plist */ = {isa = PBXFileReference; lastKnownFileType = text.plist.xml; path = "AttributorP-Info.plist"; sourceTree = "<group>"; };
		6BF8D0CB19FDE11B003F1D02 /* en */ = {isa = PBXFileReference; lastKnownFileType = text.plist.strings; name = en; path = en.lproj/InfoPlist.strings; sourceTree = "<group>"; };
		6BF8D0CD19FDE11B003F1D02 /* main.m */ = {isa = PBXFileReference; lastKnownFileType = sourcecode.c.objc; path = main.m; sourceTree = "<group>"; };
		6BF8D0CF19FDE11B003F1D02 /* AttributorP-Prefix.pch */ = {isa = PBXFileReference; lastKnownFileType = sourcecode.c.h; path = "AttributorP-Prefix.pch"; sourceTree = "<group>"; };
		6BF8D0D019FDE11B003F1D02 /* AttributorPAppDelegate.h */ = {isa = PBXFileReference; lastKnownFileType = sourcecode.c.h; path = AttributorPAppDelegate.h; sourceTree = "<group>"; };
		6BF8D0D119FDE11B003F1D02 /* AttributorPAppDelegate.m */ = {isa = PBXFileReference; lastKnownFileType = sourcecode.c.objc; path = AttributorPAppDelegate.m; sourceTree = "<group>"; };
		6BF8D0D419FDE11B003F1D02 /* Base */ = {isa = PBXFileReference; lastKnownFileType = file.storyboard; name = Base; path = Base.lproj/Main.storyboard; sourceTree = "<group>"; };
		6BF8D0D619FDE11B003F1D02 /* AttributorPViewController.h */ = {isa = PBXFileReference; lastKnownFileType = sourcecode.c.h; path = AttributorPViewController.h; sourceTree = "<group>"; };
		6BF8D0D719FDE11B003F1D02 /* AttributorPViewController.m */ = {isa = PBXFileReference; lastKnownFileType = sourcecode.c.objc; path = AttributorPViewController.m; sourceTree = "<group>"; };
		6BF8D0D919FDE11B003F1D02 /* Images.xcassets */ = {isa = PBXFileReference; lastKnownFileType = folder.assetcatalog; path = Images.xcassets; sourceTree = "<group>"; };
		6BF8D0DF19FDE11B003F1D02 /* AttributorPTests.xctest */ = {isa = PBXFileReference; explicitFileType = wrapper.cfbundle; includeInIndex = 0; path = AttributorPTests.xctest; sourceTree = BUILT_PRODUCTS_DIR; };
		6BF8D0E019FDE11B003F1D02 /* XCTest.framework */ = {isa = PBXFileReference; lastKnownFileType = wrapper.framework; name = XCTest.framework; path = Library/Frameworks/XCTest.framework; sourceTree = DEVELOPER_DIR; };
		6BF8D0E819FDE11B003F1D02 /* AttributorPTests-Info.plist */ = {isa = PBXFileReference; lastKnownFileType = text.plist.xml; path = "AttributorPTests-Info.plist"; sourceTree = "<group>"; };
		6BF8D0EA19FDE11B003F1D02 /* en */ = {isa = PBXFileReference; lastKnownFileType = text.plist.strings; name = en; path = en.lproj/InfoPlist.strings; sourceTree = "<group>"; };
		6BF8D0EC19FDE11B003F1D02 /* AttributorPTests.m */ = {isa = PBXFileReference; lastKnownFileType = sourcecode.c.objc; path = AttributorPTests.m; sourceTree = "<group>"; };
/* End PBXFileReference section */

/* Begin PBXFrameworksBuildPhase section */
		6BF8D0BB19FDE11B003F1D02 /* Frameworks */ = {
			isa = PBXFrameworksBuildPhase;
			buildActionMask = 2147483647;
			files = (
				6BF8D0C419FDE11B003F1D02 /* CoreGraphics.framework in Frameworks */,
				6BF8D0C619FDE11B003F1D02 /* UIKit.framework in Frameworks */,
				6BF8D0C219FDE11B003F1D02 /* Foundation.framework in Frameworks */,
			);
			runOnlyForDeploymentPostprocessing = 0;
		};
		6BF8D0DC19FDE11B003F1D02 /* Frameworks */ = {
			isa = PBXFrameworksBuildPhase;
			buildActionMask = 2147483647;
			files = (
				6BF8D0E119FDE11B003F1D02 /* XCTest.framework in Frameworks */,
				6BF8D0E319FDE11B003F1D02 /* UIKit.framework in Frameworks */,
				6BF8D0E219FDE11B003F1D02 /* Foundation.framework in Frameworks */,
			);
			runOnlyForDeploymentPostprocessing = 0;
		};
/* End PBXFrameworksBuildPhase section */

/* Begin PBXGroup section */
		6BF8D0B519FDE11B003F1D02 = {
			isa = PBXGroup;
			children = (
				6BF8D0C719FDE11B003F1D02 /* AttributorP */,
				6BF8D0E619FDE11B003F1D02 /* AttributorPTests */,
				6BF8D0C019FDE11B003F1D02 /* Frameworks */,
				6BF8D0BF19FDE11B003F1D02 /* Products */,
			);
			sourceTree = "<group>";
		};
		6BF8D0BF19FDE11B003F1D02 /* Products */ = {
			isa = PBXGroup;
			children = (
				6BF8D0BE19FDE11B003F1D02 /* AttributorP.app */,
				6BF8D0DF19FDE11B003F1D02 /* AttributorPTests.xctest */,
			);
			name = Products;
			sourceTree = "<group>";
		};
		6BF8D0C019FDE11B003F1D02 /* Frameworks */ = {
			isa = PBXGroup;
			children = (
				6BF8D0C119FDE11B003F1D02 /* Foundation.framework */,
				6BF8D0C319FDE11B003F1D02 /* CoreGraphics.framework */,
				6BF8D0C519FDE11B003F1D02 /* UIKit.framework */,
				6BF8D0E019FDE11B003F1D02 /* XCTest.framework */,
			);
			name = Frameworks;
			sourceTree = "<group>";
		};
		6BF8D0C719FDE11B003F1D02 /* AttributorP */ = {
			isa = PBXGroup;
			children = (
				6BF8D0D319FDE11B003F1D02 /* Main.storyboard */,
				6B2049011A01D4BF002EEB1A /* TextStatsViewController.h */,
				6B2049021A01D4BF002EEB1A /* TextStatsViewController.m */,
				6BF8D0D619FDE11B003F1D02 /* AttributorPViewController.h */,
				6BF8D0D719FDE11B003F1D02 /* AttributorPViewController.m */,
				6BF8D0D919FDE11B003F1D02 /* Images.xcassets */,
				6BF8D0C819FDE11B003F1D02 /* Supporting Files */,
			);
			path = AttributorP;
			sourceTree = "<group>";
		};
		6BF8D0C819FDE11B003F1D02 /* Supporting Files */ = {
			isa = PBXGroup;
			children = (
				6BF8D0D019FDE11B003F1D02 /* AttributorPAppDelegate.h */,
				6BF8D0D119FDE11B003F1D02 /* AttributorPAppDelegate.m */,
				6BF8D0C919FDE11B003F1D02 /* AttributorP-Info.plist */,
				6BF8D0CA19FDE11B003F1D02 /* InfoPlist.strings */,
				6BF8D0CD19FDE11B003F1D02 /* main.m */,
				6BF8D0CF19FDE11B003F1D02 /* AttributorP-Prefix.pch */,
			);
			name = "Supporting Files";
			sourceTree = "<group>";
		};
		6BF8D0E619FDE11B003F1D02 /* AttributorPTests */ = {
			isa = PBXGroup;
			children = (
				6BF8D0EC19FDE11B003F1D02 /* AttributorPTests.m */,
				6BF8D0E719FDE11B003F1D02 /* Supporting Files */,
			);
			path = AttributorPTests;
			sourceTree = "<group>";
		};
		6BF8D0E719FDE11B003F1D02 /* Supporting Files */ = {
			isa = PBXGroup;
			children = (
				6BF8D0E819FDE11B003F1D02 /* AttributorPTests-Info.plist */,
				6BF8D0E919FDE11B003F1D02 /* InfoPlist.strings */,
			);
			name = "Supporting Files";
			sourceTree = "<group>";
		};
/* End PBXGroup section */

/* Begin PBXNativeTarget section */
		6BF8D0BD19FDE11B003F1D02 /* AttributorP */ = {
			isa = PBXNativeTarget;
			buildConfigurationList = 6BF8D0F019FDE11B003F1D02 /* Build configuration list for PBXNativeTarget "AttributorP" */;
			buildPhases = (
				6BF8D0BA19FDE11B003F1D02 /* Sources */,
				6BF8D0BB19FDE11B003F1D02 /* Frameworks */,
				6BF8D0BC19FDE11B003F1D02 /* Resources */,
			);
			buildRules = (
			);
			dependencies = (
			);
			name = AttributorP;
			productName = AttributorP;
			productReference = 6BF8D0BE19FDE11B003F1D02 /* AttributorP.app */;
			productType = "com.apple.product-type.application";
		};
		6BF8D0DE19FDE11B003F1D02 /* AttributorPTests */ = {
			isa = PBXNativeTarget;
			buildConfigurationList = 6BF8D0F319FDE11B003F1D02 /* Build configuration list for PBXNativeTarget "AttributorPTests" */;
			buildPhases = (
				6BF8D0DB19FDE11B003F1D02 /* Sources */,
				6BF8D0DC19FDE11B003F1D02 /* Frameworks */,
				6BF8D0DD19FDE11B003F1D02 /* Resources */,
			);
			buildRules = (
			);
			dependencies = (
				6BF8D0E519FDE11B003F1D02 /* PBXTargetDependency */,
			);
			name = AttributorPTests;
			productName = AttributorPTests;
			productReference = 6BF8D0DF19FDE11B003F1D02 /* AttributorPTests.xctest */;
			productType = "com.apple.product-type.bundle.unit-test";
		};
/* End PBXNativeTarget section */

/* Begin PBXProject section */
		6BF8D0B619FDE11B003F1D02 /* Project object */ = {
			isa = PBXProject;
			attributes = {
				CLASSPREFIX = AttributorP;
				LastUpgradeCheck = 0510;
				ORGANIZATIONNAME = "Paz Patel";
				TargetAttributes = {
					6BF8D0DE19FDE11B003F1D02 = {
						TestTargetID = 6BF8D0BD19FDE11B003F1D02;
					};
				};
			};
			buildConfigurationList = 6BF8D0B919FDE11B003F1D02 /* Build configuration list for PBXProject "AttributorP" */;
			compatibilityVersion = "Xcode 3.2";
			developmentRegion = English;
			hasScannedForEncodings = 0;
			knownRegions = (
				en,
				Base,
			);
			mainGroup = 6BF8D0B519FDE11B003F1D02;
			productRefGroup = 6BF8D0BF19FDE11B003F1D02 /* Products */;
			projectDirPath = "";
			projectRoot = "";
			targets = (
				6BF8D0BD19FDE11B003F1D02 /* AttributorP */,
				6BF8D0DE19FDE11B003F1D02 /* AttributorPTests */,
			);
		};
/* End PBXProject section */

/* Begin PBXResourcesBuildPhase section */
		6BF8D0BC19FDE11B003F1D02 /* Resources */ = {
			isa = PBXResourcesBuildPhase;
			buildActionMask = 2147483647;
			files = (
				6BF8D0DA19FDE11B003F1D02 /* Images.xcassets in Resources */,
				6BF8D0CC19FDE11B003F1D02 /* InfoPlist.strings in Resources */,
				6BF8D0D519FDE11B003F1D02 /* Main.storyboard in Resources */,
			);
			runOnlyForDeploymentPostprocessing = 0;
		};
		6BF8D0DD19FDE11B003F1D02 /* Resources */ = {
			isa = PBXResourcesBuildPhase;
			buildActionMask = 2147483647;
			files = (
				6BF8D0EB19FDE11B003F1D02 /* InfoPlist.strings in Resources */,
			);
			runOnlyForDeploymentPostprocessing = 0;
		};
/* End PBXResourcesBuildPhase section */

/* Begin PBXSourcesBuildPhase section */
		6BF8D0BA19FDE11B003F1D02 /* Sources */ = {
			isa = PBXSourcesBuildPhase;
			buildActionMask = 2147483647;
			files = (
				6BF8D0D819FDE11B003F1D02 /* AttributorPViewController.m in Sources */,
				6BF8D0CE19FDE11B003F1D02 /* main.m in Sources */,
				6BF8D0D219FDE11B003F1D02 /* AttributorPAppDelegate.m in Sources */,
				6B2049031A01D4BF002EEB1A /* TextStatsViewController.m in Sources */,
			);
			runOnlyForDeploymentPostprocessing = 0;
		};
		6BF8D0DB19FDE11B003F1D02 /* Sources */ = {
			isa = PBXSourcesBuildPhase;
			buildActionMask = 2147483647;
			files = (
				6BF8D0ED19FDE11B003F1D02 /* AttributorPTests.m in Sources */,
			);
			runOnlyForDeploymentPostprocessing = 0;
		};
/* End PBXSourcesBuildPhase section */

/* Begin PBXTargetDependency section */
		6BF8D0E519FDE11B003F1D02 /* PBXTargetDependency */ = {
			isa = PBXTargetDependency;
			target = 6BF8D0BD19FDE11B003F1D02 /* AttributorP */;
			targetProxy = 6BF8D0E419FDE11B003F1D02 /* PBXContainerItemProxy */;
		};
/* End PBXTargetDependency section */

/* Begin PBXVariantGroup section */
		6BF8D0CA19FDE11B003F1D02 /* InfoPlist.strings */ = {
			isa = PBXVariantGroup;
			children = (
				6BF8D0CB19FDE11B003F1D02 /* en */,
			);
			name = InfoPlist.strings;
			sourceTree = "<group>";
		};
		6BF8D0D319FDE11B003F1D02 /* Main.storyboard */ = {
			isa = PBXVariantGroup;
			children = (
				6BF8D0D419FDE11B003F1D02 /* Base */,
			);
			name = Main.storyboard;
			sourceTree = "<group>";
		};
		6BF8D0E919FDE11B003F1D02 /* InfoPlist.strings */ = {
			isa = PBXVariantGroup;
			children = (
				6BF8D0EA19FDE11B003F1D02 /* en */,
			);
			name = InfoPlist.strings;
			sourceTree = "<group>";
		};
/* End PBXVariantGroup section */

/* Begin XCBuildConfiguration section */
		6BF8D0EE19FDE11B003F1D02 /* Debug */ = {
			isa = XCBuildConfiguration;
			buildSettings = {
				ALWAYS_SEARCH_USER_PATHS = NO;
				CLANG_CXX_LANGUAGE_STANDARD = "gnu++0x";
				CLANG_CXX_LIBRARY = "libc++";
				CLANG_ENABLE_MODULES = YES;
				CLANG_ENABLE_OBJC_ARC = YES;
				CLANG_WARN_BOOL_CONVERSION = YES;
				CLANG_WARN_CONSTANT_CONVERSION = YES;
				CLANG_WARN_DIRECT_OBJC_ISA_USAGE = YES_ERROR;
				CLANG_WARN_EMPTY_BODY = YES;
				CLANG_WARN_ENUM_CONVERSION = YES;
				CLANG_WARN_INT_CONVERSION = YES;
				CLANG_WARN_OBJC_ROOT_CLASS = YES_ERROR;
				CLANG_WARN__DUPLICATE_METHOD_MATCH = YES;
				"CODE_SIGN_IDENTITY[sdk=iphoneos*]" = "iPhone Developer";
				COPY_PHASE_STRIP = NO;
				GCC_C_LANGUAGE_STANDARD = gnu99;
				GCC_DYNAMIC_NO_PIC = NO;
				GCC_OPTIMIZATION_LEVEL = 0;
				GCC_PREPROCESSOR_DEFINITIONS = (
					"DEBUG=1",
					"$(inherited)",
				);
				GCC_SYMBOLS_PRIVATE_EXTERN = NO;
				GCC_WARN_64_TO_32_BIT_CONVERSION = YES;
				GCC_WARN_ABOUT_RETURN_TYPE = YES_ERROR;
				GCC_WARN_UNDECLARED_SELECTOR = YES;
				GCC_WARN_UNINITIALIZED_AUTOS = YES_AGGRESSIVE;
				GCC_WARN_UNUSED_FUNCTION = YES;
				GCC_WARN_UNUSED_VARIABLE = YES;
				IPHONEOS_DEPLOYMENT_TARGET = 7.1;
				ONLY_ACTIVE_ARCH = YES;
				SDKROOT = iphoneos;
			};
			name = Debug;
		};
		6BF8D0EF19FDE11B003F1D02 /* Release */ = {
			isa = XCBuildConfiguration;
			buildSettings = {
				ALWAYS_SEARCH_USER_PATHS = NO;
				CLANG_CXX_LANGUAGE_STANDARD = "gnu++0x";
				CLANG_CXX_LIBRARY = "libc++";
				CLANG_ENABLE_MODULES = YES;
				CLANG_ENABLE_OBJC_ARC = YES;
				CLANG_WARN_BOOL_CONVERSION = YES;
				CLANG_WARN_CONSTANT_CONVERSION = YES;
				CLANG_WARN_DIRECT_OBJC_ISA_USAGE = YES_ERROR;
				CLANG_WARN_EMPTY_BODY = YES;
				CLANG_WARN_ENUM_CONVERSION = YES;
				CLANG_WARN_INT_CONVERSION = YES;
				CLANG_WARN_OBJC_ROOT_CLASS = YES_ERROR;
				CLANG_WARN__DUPLICATE_METHOD_MATCH = YES;
				"CODE_SIGN_IDENTITY[sdk=iphoneos*]" = "iPhone Developer";
				COPY_PHASE_STRIP = YES;
				ENABLE_NS_ASSERTIONS = NO;
				GCC_C_LANGUAGE_STANDARD = gnu99;
				GCC_WARN_64_TO_32_BIT_CONVERSION = YES;
				GCC_WARN_ABOUT_RETURN_TYPE = YES_ERROR;
				GCC_WARN_UNDECLARED_SELECTOR = YES;
				GCC_WARN_UNINITIALIZED_AUTOS = YES_AGGRESSIVE;
				GCC_WARN_UNUSED_FUNCTION = YES;
				GCC_WARN_UNUSED_VARIABLE = YES;
				IPHONEOS_DEPLOYMENT_TARGET = 7.1;
				SDKROOT = iphoneos;
				VALIDATE_PRODUCT = YES;
			};
			name = Release;
		};
		6BF8D0F119FDE11B003F1D02 /* Debug */ = {
			isa = XCBuildConfiguration;
			buildSettings = {
				ASSETCATALOG_COMPILER_APPICON_NAME = AppIcon;
				ASSETCATALOG_COMPILER_LAUNCHIMAGE_NAME = LaunchImage;
				GCC_PRECOMPILE_PREFIX_HEADER = YES;
				GCC_PREFIX_HEADER = "AttributorP/AttributorP-Prefix.pch";
				INFOPLIST_FILE = "AttributorP/AttributorP-Info.plist";
				IPHONEOS_DEPLOYMENT_TARGET = 6.1;
				PRODUCT_NAME = "$(TARGET_NAME)";
				WRAPPER_EXTENSION = app;
			};
			name = Debug;
		};
		6BF8D0F219FDE11B003F1D02 /* Release */ = {
			isa = XCBuildConfiguration;
			buildSettings = {
				ASSETCATALOG_COMPILER_APPICON_NAME = AppIcon;
				ASSETCATALOG_COMPILER_LAUNCHIMAGE_NAME = LaunchImage;
				GCC_PRECOMPILE_PREFIX_HEADER = YES;
				GCC_PREFIX_HEADER = "AttributorP/AttributorP-Prefix.pch";
				INFOPLIST_FILE = "AttributorP/AttributorP-Info.plist";
				IPHONEOS_DEPLOYMENT_TARGET = 6.1;
				PRODUCT_NAME = "$(TARGET_NAME)";
				WRAPPER_EXTENSION = app;
			};
			name = Release;
		};
		6BF8D0F419FDE11B003F1D02 /* Debug */ = {
			isa = XCBuildConfiguration;
			buildSettings = {
				BUNDLE_LOADER = "$(BUILT_PRODUCTS_DIR)/AttributorP.app/AttributorP";
				FRAMEWORK_SEARCH_PATHS = (
					"$(SDKROOT)/Developer/Library/Frameworks",
					"$(inherited)",
					"$(DEVELOPER_FRAMEWORKS_DIR)",
				);
				GCC_PRECOMPILE_PREFIX_HEADER = YES;
				GCC_PREFIX_HEADER = "AttributorP/AttributorP-Prefix.pch";
				GCC_PREPROCESSOR_DEFINITIONS = (
					"DEBUG=1",
					"$(inherited)",
				);
				INFOPLIST_FILE = "AttributorPTests/AttributorPTests-Info.plist";
				PRODUCT_NAME = "$(TARGET_NAME)";
				TEST_HOST = "$(BUNDLE_LOADER)";
				WRAPPER_EXTENSION = xctest;
			};
			name = Debug;
		};
		6BF8D0F519FDE11B003F1D02 /* Release */ = {
			isa = XCBuildConfiguration;
			buildSettings = {
				BUNDLE_LOADER = "$(BUILT_PRODUCTS_DIR)/AttributorP.app/AttributorP";
				FRAMEWORK_SEARCH_PATHS = (
					"$(SDKROOT)/Developer/Library/Frameworks",
					"$(inherited)",
					"$(DEVELOPER_FRAMEWORKS_DIR)",
				);
				GCC_PRECOMPILE_PREFIX_HEADER = YES;
				GCC_PREFIX_HEADER = "AttributorP/AttributorP-Prefix.pch";
				INFOPLIST_FILE = "AttributorPTests/AttributorPTests-Info.plist";
				PRODUCT_NAME = "$(TARGET_NAME)";
				TEST_HOST = "$(BUNDLE_LOADER)";
				WRAPPER_EXTENSION = xctest;
			};
			name = Release;
		};
/* End XCBuildConfiguration section */

/* Begin XCConfigurationList section */
		6BF8D0B919FDE11B003F1D02 /* Build configuration list for PBXProject "AttributorP" */ = {
			isa = XCConfigurationList;
			buildConfigurations = (
				6BF8D0EE19FDE11B003F1D02 /* Debug */,
				6BF8D0EF19FDE11B003F1D02 /* Release */,
			);
			defaultConfigurationIsVisible = 0;
			defaultConfigurationName = Release;
		};
		6BF8D0F019FDE11B003F1D02 /* Build configuration list for PBXNativeTarget "AttributorP" */ = {
			isa = XCConfigurationList;
			buildConfigurations = (
				6BF8D0F119FDE11B003F1D02 /* Debug */,
				6BF8D0F219FDE11B003F1D02 /* Release */,
			);
			defaultConfigurationIsVisible = 0;
			defaultConfigurationName = Release;
		};
		6BF8D0F319FDE11B003F1D02 /* Build configuration list for PBXNativeTarget "AttributorPTests" */ = {
			isa = XCConfigurationList;
			buildConfigurations = (
				6BF8D0F419FDE11B003F1D02 /* Debug */,
				6BF8D0F519FDE11B003F1D02 /* Release */,
			);
			defaultConfigurationIsVisible = 0;
			defaultConfigurationName = Release;
		};
/* End XCConfigurationList section */
	};
	rootObject = 6BF8D0B619FDE11B003F1D02 /* Project object */;
}
